
Microsoft Visual Studio Solution File, Format Version 12.00
# Visual Studio Version 17
VisualStudioVersion = 17.12.35527.113
MinimumVisualStudioVersion = 10.0.40219.1
Project("{FAE04EC0-301F-11D3-BF4B-00C04F79EFBC}") = "TaxiCompany.Domain", "TaxiCompany\TaxiCompany.Domain.csproj", "{C7277B42-9F36-421B-9014-8D6EC37BB011}"
EndProject
Project("{FAE04EC0-301F-11D3-BF4B-00C04F79EFBC}") = "TaxiCompany.Test", "TaxiCompany.Test\TaxiCompany.Test.csproj", "{7D04C498-55C8-4A53-87A8-E8C9DDD7C77B}"
EndProject
Project("{FAE04EC0-301F-11D3-BF4B-00C04F79EFBC}") = "TaxiCompany.WebApi", "TaxiCompany.WebApi\TaxiCompany.WebApi.csproj", "{ABB83A90-5E23-4700-8A66-1C5F6735EDE2}"
EndProject
Project("{FAE04EC0-301F-11D3-BF4B-00C04F79EFBC}") = "TaxiCompany.WebApi.Client", "TaxiCompany.WebApi.Client\TaxiCompany.WebApi.Client.csproj", "{7B3C7D5A-6B59-43B9-AEAE-6BAE0056ADED}"
EndProject
Global
	GlobalSection(SolutionConfigurationPlatforms) = preSolution
		Debug|Any CPU = Debug|Any CPU
		Release|Any CPU = Release|Any CPU
	EndGlobalSection
	GlobalSection(ProjectConfigurationPlatforms) = postSolution
		{C7277B42-9F36-421B-9014-8D6EC37BB011}.Debug|Any CPU.ActiveCfg = Debug|Any CPU
		{C7277B42-9F36-421B-9014-8D6EC37BB011}.Debug|Any CPU.Build.0 = Debug|Any CPU
		{C7277B42-9F36-421B-9014-8D6EC37BB011}.Release|Any CPU.ActiveCfg = Release|Any CPU
		{C7277B42-9F36-421B-9014-8D6EC37BB011}.Release|Any CPU.Build.0 = Release|Any CPU
		{7D04C498-55C8-4A53-87A8-E8C9DDD7C77B}.Debug|Any CPU.ActiveCfg = Debug|Any CPU
		{7D04C498-55C8-4A53-87A8-E8C9DDD7C77B}.Debug|Any CPU.Build.0 = Debug|Any CPU
		{7D04C498-55C8-4A53-87A8-E8C9DDD7C77B}.Release|Any CPU.ActiveCfg = Release|Any CPU
		{7D04C498-55C8-4A53-87A8-E8C9DDD7C77B}.Release|Any CPU.Build.0 = Release|Any CPU
		{ABB83A90-5E23-4700-8A66-1C5F6735EDE2}.Debug|Any CPU.ActiveCfg = Debug|Any CPU
		{ABB83A90-5E23-4700-8A66-1C5F6735EDE2}.Debug|Any CPU.Build.0 = Debug|Any CPU
		{ABB83A90-5E23-4700-8A66-1C5F6735EDE2}.Release|Any CPU.ActiveCfg = Release|Any CPU
		{ABB83A90-5E23-4700-8A66-1C5F6735EDE2}.Release|Any CPU.Build.0 = Release|Any CPU
		{7B3C7D5A-6B59-43B9-AEAE-6BAE0056ADED}.Debug|Any CPU.ActiveCfg = Debug|Any CPU
		{7B3C7D5A-6B59-43B9-AEAE-6BAE0056ADED}.Debug|Any CPU.Build.0 = Debug|Any CPU
		{7B3C7D5A-6B59-43B9-AEAE-6BAE0056ADED}.Release|Any CPU.ActiveCfg = Release|Any CPU
		{7B3C7D5A-6B59-43B9-AEAE-6BAE0056ADED}.Release|Any CPU.Build.0 = Release|Any CPU
	EndGlobalSection
	GlobalSection(SolutionProperties) = preSolution
		HideSolutionNode = FALSE
	EndGlobalSection
EndGlobal
